
Microsoft Visual Studio Solution File, Format Version 12.00
# Visual Studio Version 17
VisualStudioVersion = 17.9.34728.123
MinimumVisualStudioVersion = 10.0.40219.1
Project("{FAE04EC0-301F-11D3-BF4B-00C04F79EFBC}") = "SingletonDesignPattern", "SingletonDesignPattern.csproj", "{30FF275F-06AD-406B-9CFF-DAB0E5AB6E69}"
EndProject
Global
	GlobalSection(SolutionConfigurationPlatforms) = preSolution
		Debug|Any CPU = Debug|Any CPU
		Release|Any CPU = Release|Any CPU
	EndGlobalSection
	GlobalSection(ProjectConfigurationPlatforms) = postSolution
		{30FF275F-06AD-406B-9CFF-DAB0E5AB6E69}.Debug|Any CPU.ActiveCfg = Debug|Any CPU
		{30FF275F-06AD-406B-9CFF-DAB0E5AB6E69}.Debug|Any CPU.Build.0 = Debug|Any CPU
		{30FF275F-06AD-406B-9CFF-DAB0E5AB6E69}.Release|Any CPU.ActiveCfg = Release|Any CPU
		{30FF275F-06AD-406B-9CFF-DAB0E5AB6E69}.Release|Any CPU.Build.0 = Release|Any CPU
	EndGlobalSection
	GlobalSection(SolutionProperties) = preSolution
		HideSolutionNode = FALSE
	EndGlobalSection
	GlobalSection(ExtensibilityGlobals) = postSolution
		SolutionGuid = {61DCEA0F-A65A-461D-BF5A-A4D07410E2E4}
	EndGlobalSection
EndGlobal
