
Microsoft Visual Studio Solution File, Format Version 12.00
# Visual Studio Version 17
VisualStudioVersion = 17.9.34728.123
MinimumVisualStudioVersion = 10.0.40219.1
Project("{FAE04EC0-301F-11D3-BF4B-00C04F79EFBC}") = "FactoryDesignPattern", "FactoryDesignPattern.csproj", "{C41CE551-CDDD-4348-84E3-206FD872AE56}"
EndProject
Global
	GlobalSection(SolutionConfigurationPlatforms) = preSolution
		Debug|Any CPU = Debug|Any CPU
		Release|Any CPU = Release|Any CPU
	EndGlobalSection
	GlobalSection(ProjectConfigurationPlatforms) = postSolution
		{C41CE551-CDDD-4348-84E3-206FD872AE56}.Debug|Any CPU.ActiveCfg = Debug|Any CPU
		{C41CE551-CDDD-4348-84E3-206FD872AE56}.Debug|Any CPU.Build.0 = Debug|Any CPU
		{C41CE551-CDDD-4348-84E3-206FD872AE56}.Release|Any CPU.ActiveCfg = Release|Any CPU
		{C41CE551-CDDD-4348-84E3-206FD872AE56}.Release|Any CPU.Build.0 = Release|Any CPU
	EndGlobalSection
	GlobalSection(SolutionProperties) = preSolution
		HideSolutionNode = FALSE
	EndGlobalSection
	GlobalSection(ExtensibilityGlobals) = postSolution
		SolutionGuid = {6F27CD3B-F355-45EF-B212-8EAF2654FE3E}
	EndGlobalSection
EndGlobal
